
Microsoft Visual Studio Solution File, Format Version 12.00
# Visual Studio Version 17
VisualStudioVersion = 17.0.31903.59
MinimumVisualStudioVersion = 10.0.40219.1
Project("{FAE04EC0-301F-11D3-BF4B-00C04F79EFBC}") = "API", "API\API.csproj", "{253E63F6-853C-4578-8D94-3DA4C7B42C1A}"
EndProject
Project("{FAE04EC0-301F-11D3-BF4B-00C04F79EFBC}") = "Core", "Core\Core.csproj", "{1B1D3BC2-E494-4271-B247-F763B7093FA6}"
EndProject
Project("{FAE04EC0-301F-11D3-BF4B-00C04F79EFBC}") = "Infrastructure", "Infrastructure\Infrastructure.csproj", "{0CD52BB0-5E17-4243-B66F-673458C6450F}"
EndProject
Global
	GlobalSection(SolutionConfigurationPlatforms) = preSolution
		Debug|Any CPU = Debug|Any CPU
		Release|Any CPU = Release|Any CPU
	EndGlobalSection
	GlobalSection(SolutionProperties) = preSolution
		HideSolutionNode = FALSE
	EndGlobalSection
	GlobalSection(ProjectConfigurationPlatforms) = postSolution
		{253E63F6-853C-4578-8D94-3DA4C7B42C1A}.Debug|Any CPU.ActiveCfg = Debug|Any CPU
		{253E63F6-853C-4578-8D94-3DA4C7B42C1A}.Debug|Any CPU.Build.0 = Debug|Any CPU
		{253E63F6-853C-4578-8D94-3DA4C7B42C1A}.Release|Any CPU.ActiveCfg = Release|Any CPU
		{253E63F6-853C-4578-8D94-3DA4C7B42C1A}.Release|Any CPU.Build.0 = Release|Any CPU
		{1B1D3BC2-E494-4271-B247-F763B7093FA6}.Debug|Any CPU.ActiveCfg = Debug|Any CPU
		{1B1D3BC2-E494-4271-B247-F763B7093FA6}.Debug|Any CPU.Build.0 = Debug|Any CPU
		{1B1D3BC2-E494-4271-B247-F763B7093FA6}.Release|Any CPU.ActiveCfg = Release|Any CPU
		{1B1D3BC2-E494-4271-B247-F763B7093FA6}.Release|Any CPU.Build.0 = Release|Any CPU
		{0CD52BB0-5E17-4243-B66F-673458C6450F}.Debug|Any CPU.ActiveCfg = Debug|Any CPU
		{0CD52BB0-5E17-4243-B66F-673458C6450F}.Debug|Any CPU.Build.0 = Debug|Any CPU
		{0CD52BB0-5E17-4243-B66F-673458C6450F}.Release|Any CPU.ActiveCfg = Release|Any CPU
		{0CD52BB0-5E17-4243-B66F-673458C6450F}.Release|Any CPU.Build.0 = Release|Any CPU
	EndGlobalSection
EndGlobal
